// !$*UTF8*$!
{
	archiveVersion = 1;
	classes = {
	};
	objectVersion = 46;
	objects = {

/* Begin PBXBuildFile section */
		6850B27A1BCA447B008BF275 /* GoogleMaps.framework in Frameworks */ = {isa = PBXBuildFile; fileRef = 6850B2791BCA447B008BF275 /* GoogleMaps.framework */; };
		6850B27C1BCA44CD008BF275 /* GoogleMaps.bundle in Resources */ = {isa = PBXBuildFile; fileRef = 6850B27B1BCA44CD008BF275 /* GoogleMaps.bundle */; };
		6850B2801BCA482A008BF275 /* AVFoundation.framework in Frameworks */ = {isa = PBXBuildFile; fileRef = 6850B27F1BCA482A008BF275 /* AVFoundation.framework */; };
		6850B2821BCA4840008BF275 /* CoreData.framework in Frameworks */ = {isa = PBXBuildFile; fileRef = 6850B2811BCA4840008BF275 /* CoreData.framework */; };
		6850B2841BCA484F008BF275 /* CoreLocation.framework in Frameworks */ = {isa = PBXBuildFile; fileRef = 6850B2831BCA484F008BF275 /* CoreLocation.framework */; };
		6850B2861BCA485F008BF275 /* CoreText.framework in Frameworks */ = {isa = PBXBuildFile; fileRef = 6850B2851BCA485F008BF275 /* CoreText.framework */; };
		6850B2881BCA486E008BF275 /* GLKit.framework in Frameworks */ = {isa = PBXBuildFile; fileRef = 6850B2871BCA486E008BF275 /* GLKit.framework */; };
		6850B28A1BCA487D008BF275 /* ImageIO.framework in Frameworks */ = {isa = PBXBuildFile; fileRef = 6850B2891BCA487D008BF275 /* ImageIO.framework */; };
		6850B28C1BCA488C008BF275 /* libc++.dylib in Frameworks */ = {isa = PBXBuildFile; fileRef = 6850B28B1BCA488C008BF275 /* libc++.dylib */; };
		6850B28E1BCA489B008BF275 /* libicucore.dylib in Frameworks */ = {isa = PBXBuildFile; fileRef = 6850B28D1BCA489B008BF275 /* libicucore.dylib */; };
		6850B2901BCA48A9008BF275 /* libz.dylib in Frameworks */ = {isa = PBXBuildFile; fileRef = 6850B28F1BCA48A9008BF275 /* libz.dylib */; };
		6850B2921BCA48B8008BF275 /* OpenGLES.framework in Frameworks */ = {isa = PBXBuildFile; fileRef = 6850B2911BCA48B8008BF275 /* OpenGLES.framework */; };
		6850B2941BCA48C6008BF275 /* QuartzCore.framework in Frameworks */ = {isa = PBXBuildFile; fileRef = 6850B2931BCA48C6008BF275 /* QuartzCore.framework */; };
		6850B2961BCA48D3008BF275 /* SystemConfiguration.framework in Frameworks */ = {isa = PBXBuildFile; fileRef = 6850B2951BCA48D3008BF275 /* SystemConfiguration.framework */; };
		68BAAC9D1BCA3AD400BDE5B2 /* Podfile in Resources */ = {isa = PBXBuildFile; fileRef = 68BAAC9C1BCA3AD400BDE5B2 /* Podfile */; };
		910BD7BB1B9A045A003BB10E /* AppDelegate.swift in Sources */ = {isa = PBXBuildFile; fileRef = 910BD7BA1B9A045A003BB10E /* AppDelegate.swift */; };
		910BD7BD1B9A045A003BB10E /* ViewController.swift in Sources */ = {isa = PBXBuildFile; fileRef = 910BD7BC1B9A045A003BB10E /* ViewController.swift */; };
		910BD7C51B9A045A003BB10E /* LaunchScreen.xib in Resources */ = {isa = PBXBuildFile; fileRef = 910BD7C31B9A045A003BB10E /* LaunchScreen.xib */; };
		910BD7D11B9A045A003BB10E /* TradeShowTests.swift in Sources */ = {isa = PBXBuildFile; fileRef = 910BD7D01B9A045A003BB10E /* TradeShowTests.swift */; };
		910BD7DD1B9A0623003BB10E /* MenuController.swift in Sources */ = {isa = PBXBuildFile; fileRef = 910BD7DC1B9A0623003BB10E /* MenuController.swift */; };
		910BD7E71B9A0709003BB10E /* MapKit.framework in Frameworks */ = {isa = PBXBuildFile; fileRef = 910BD7E61B9A0709003BB10E /* MapKit.framework */; };
		910BD7EF1B9ACCDA003BB10E /* SWRevealViewController.m in Sources */ = {isa = PBXBuildFile; fileRef = 910BD7EE1B9ACCDA003BB10E /* SWRevealViewController.m */; };
		910BD7F51B9ADCC0003BB10E /* NewsTableViewCell.swift in Sources */ = {isa = PBXBuildFile; fileRef = 910BD7F11B9ADCC0003BB10E /* NewsTableViewCell.swift */; };
		910BD7F61B9ADCC0003BB10E /* NewsTableViewController.swift in Sources */ = {isa = PBXBuildFile; fileRef = 910BD7F21B9ADCC0003BB10E /* NewsTableViewController.swift */; };
		910BD7F71B9ADCC0003BB10E /* PhotoViewController.swift in Sources */ = {isa = PBXBuildFile; fileRef = 910BD7F31B9ADCC0003BB10E /* PhotoViewController.swift */; };
		910BD7FB1B9F50E3003BB10E /* BrowseCollectionViewController.swift in Sources */ = {isa = PBXBuildFile; fileRef = 910BD7FA1B9F50E3003BB10E /* BrowseCollectionViewController.swift */; };
		9129D5991B9F7BD00088F743 /* JudgeViewController.swift in Sources */ = {isa = PBXBuildFile; fileRef = 9129D5981B9F7BD00088F743 /* JudgeViewController.swift */; };
		9129D59B1B9FDD420088F743 /* Images.xcassets in Resources */ = {isa = PBXBuildFile; fileRef = 9129D59A1B9FDD420088F743 /* Images.xcassets */; };
		9129D59F1BA065DB0088F743 /* NavigationViewController.swift in Sources */ = {isa = PBXBuildFile; fileRef = 9129D59E1BA065DB0088F743 /* NavigationViewController.swift */; };
		9129D5A11BA073D90088F743 /* SettingViewController.swift in Sources */ = {isa = PBXBuildFile; fileRef = 9129D5A01BA073D90088F743 /* SettingViewController.swift */; };
		9129D5A31BA09AD20088F743 /* CollectionViewController.swift in Sources */ = {isa = PBXBuildFile; fileRef = 9129D5A21BA09AD20088F743 /* CollectionViewController.swift */; };
		9129D5A71BA7243D0088F743 /* collectionVCell.swift in Sources */ = {isa = PBXBuildFile; fileRef = 9129D5A61BA7243D0088F743 /* collectionVCell.swift */; };
		9129D5AD1BA862490088F743 /* MapViewController.swift in Sources */ = {isa = PBXBuildFile; fileRef = 9129D5AC1BA862490088F743 /* MapViewController.swift */; };
		9129D5AF1BA8734D0088F743 /* Beacon.swift in Sources */ = {isa = PBXBuildFile; fileRef = 9129D5AE1BA8734D0088F743 /* Beacon.swift */; };
		9129D5C11BA9BEAA0088F743 /* LoginViewController.swift in Sources */ = {isa = PBXBuildFile; fileRef = 9129D5C01BA9BEAA0088F743 /* LoginViewController.swift */; };
		9129D5C41BA9CAB80088F743 /* Main.storyboard in Resources */ = {isa = PBXBuildFile; fileRef = 9129D5C21BA9CAB80088F743 /* Main.storyboard */; };
		EE5C9454205119AB7EE0D239 /* libPods.a in Frameworks */ = {isa = PBXBuildFile; fileRef = 46AA5D9DC749DBD1F8D9EA25 /* libPods.a */; };
/* End PBXBuildFile section */

/* Begin PBXContainerItemProxy section */
		910BD7CB1B9A045A003BB10E /* PBXContainerItemProxy */ = {
			isa = PBXContainerItemProxy;
			containerPortal = 910BD7AD1B9A0459003BB10E /* Project object */;
			proxyType = 1;
			remoteGlobalIDString = 910BD7B41B9A045A003BB10E;
			remoteInfo = TradeShow;
		};
/* End PBXContainerItemProxy section */

/* Begin PBXFileReference section */
		46AA5D9DC749DBD1F8D9EA25 /* libPods.a */ = {isa = PBXFileReference; explicitFileType = archive.ar; includeInIndex = 0; path = libPods.a; sourceTree = BUILT_PRODUCTS_DIR; };
		6850B2791BCA447B008BF275 /* GoogleMaps.framework */ = {isa = PBXFileReference; lastKnownFileType = wrapper.framework; name = GoogleMaps.framework; path = Pods/GoogleMaps/Frameworks/GoogleMaps.framework; sourceTree = "<group>"; };
		6850B27B1BCA44CD008BF275 /* GoogleMaps.bundle */ = {isa = PBXFileReference; lastKnownFileType = "wrapper.plug-in"; name = GoogleMaps.bundle; path = Pods/GoogleMaps/Frameworks/GoogleMaps.framework/Versions/A/Resources/GoogleMaps.bundle; sourceTree = "<group>"; };
		6850B27F1BCA482A008BF275 /* AVFoundation.framework */ = {isa = PBXFileReference; lastKnownFileType = wrapper.framework; name = AVFoundation.framework; path = System/Library/Frameworks/AVFoundation.framework; sourceTree = SDKROOT; };
		6850B2811BCA4840008BF275 /* CoreData.framework */ = {isa = PBXFileReference; lastKnownFileType = wrapper.framework; name = CoreData.framework; path = System/Library/Frameworks/CoreData.framework; sourceTree = SDKROOT; };
		6850B2831BCA484F008BF275 /* CoreLocation.framework */ = {isa = PBXFileReference; lastKnownFileType = wrapper.framework; name = CoreLocation.framework; path = System/Library/Frameworks/CoreLocation.framework; sourceTree = SDKROOT; };
		6850B2851BCA485F008BF275 /* CoreText.framework */ = {isa = PBXFileReference; lastKnownFileType = wrapper.framework; name = CoreText.framework; path = System/Library/Frameworks/CoreText.framework; sourceTree = SDKROOT; };
		6850B2871BCA486E008BF275 /* GLKit.framework */ = {isa = PBXFileReference; lastKnownFileType = wrapper.framework; name = GLKit.framework; path = System/Library/Frameworks/GLKit.framework; sourceTree = SDKROOT; };
		6850B2891BCA487D008BF275 /* ImageIO.framework */ = {isa = PBXFileReference; lastKnownFileType = wrapper.framework; name = ImageIO.framework; path = System/Library/Frameworks/ImageIO.framework; sourceTree = SDKROOT; };
		6850B28B1BCA488C008BF275 /* libc++.dylib */ = {isa = PBXFileReference; lastKnownFileType = "compiled.mach-o.dylib"; name = "libc++.dylib"; path = "usr/lib/libc++.dylib"; sourceTree = SDKROOT; };
		6850B28D1BCA489B008BF275 /* libicucore.dylib */ = {isa = PBXFileReference; lastKnownFileType = "compiled.mach-o.dylib"; name = libicucore.dylib; path = usr/lib/libicucore.dylib; sourceTree = SDKROOT; };
		6850B28F1BCA48A9008BF275 /* libz.dylib */ = {isa = PBXFileReference; lastKnownFileType = "compiled.mach-o.dylib"; name = libz.dylib; path = usr/lib/libz.dylib; sourceTree = SDKROOT; };
		6850B2911BCA48B8008BF275 /* OpenGLES.framework */ = {isa = PBXFileReference; lastKnownFileType = wrapper.framework; name = OpenGLES.framework; path = System/Library/Frameworks/OpenGLES.framework; sourceTree = SDKROOT; };
		6850B2931BCA48C6008BF275 /* QuartzCore.framework */ = {isa = PBXFileReference; lastKnownFileType = wrapper.framework; name = QuartzCore.framework; path = System/Library/Frameworks/QuartzCore.framework; sourceTree = SDKROOT; };
		6850B2951BCA48D3008BF275 /* SystemConfiguration.framework */ = {isa = PBXFileReference; lastKnownFileType = wrapper.framework; name = SystemConfiguration.framework; path = System/Library/Frameworks/SystemConfiguration.framework; sourceTree = SDKROOT; };
		68BAAC9C1BCA3AD400BDE5B2 /* Podfile */ = {isa = PBXFileReference; fileEncoding = 4; lastKnownFileType = text; path = Podfile; sourceTree = SOURCE_ROOT; };
		910BD7B51B9A045A003BB10E /* TradeShow.app */ = {isa = PBXFileReference; explicitFileType = wrapper.application; includeInIndex = 0; path = TradeShow.app; sourceTree = BUILT_PRODUCTS_DIR; };
		910BD7B91B9A045A003BB10E /* Info.plist */ = {isa = PBXFileReference; lastKnownFileType = text.plist.xml; path = Info.plist; sourceTree = "<group>"; };
		910BD7BA1B9A045A003BB10E /* AppDelegate.swift */ = {isa = PBXFileReference; lastKnownFileType = sourcecode.swift; path = AppDelegate.swift; sourceTree = "<group>"; };
		910BD7BC1B9A045A003BB10E /* ViewController.swift */ = {isa = PBXFileReference; lastKnownFileType = sourcecode.swift; path = ViewController.swift; sourceTree = "<group>"; };
		910BD7C41B9A045A003BB10E /* Base */ = {isa = PBXFileReference; lastKnownFileType = file.xib; name = Base; path = Base.lproj/LaunchScreen.xib; sourceTree = "<group>"; };
		910BD7CA1B9A045A003BB10E /* TradeShowTests.xctest */ = {isa = PBXFileReference; explicitFileType = wrapper.cfbundle; includeInIndex = 0; path = TradeShowTests.xctest; sourceTree = BUILT_PRODUCTS_DIR; };
		910BD7CF1B9A045A003BB10E /* Info.plist */ = {isa = PBXFileReference; lastKnownFileType = text.plist.xml; path = Info.plist; sourceTree = "<group>"; };
		910BD7D01B9A045A003BB10E /* TradeShowTests.swift */ = {isa = PBXFileReference; lastKnownFileType = sourcecode.swift; path = TradeShowTests.swift; sourceTree = "<group>"; };
		910BD7DC1B9A0623003BB10E /* MenuController.swift */ = {isa = PBXFileReference; fileEncoding = 4; lastKnownFileType = sourcecode.swift; path = MenuController.swift; sourceTree = "<group>"; };
		910BD7E61B9A0709003BB10E /* MapKit.framework */ = {isa = PBXFileReference; lastKnownFileType = wrapper.framework; name = MapKit.framework; path = System/Library/Frameworks/MapKit.framework; sourceTree = SDKROOT; };
		910BD7E91B9A0741003BB10E /* TradeShow-Bridging-Header.h */ = {isa = PBXFileReference; lastKnownFileType = sourcecode.c.h; path = "TradeShow-Bridging-Header.h"; sourceTree = "<group>"; };
		910BD7ED1B9ACCDA003BB10E /* SWRevealViewController.h */ = {isa = PBXFileReference; fileEncoding = 4; lastKnownFileType = sourcecode.c.h; name = SWRevealViewController.h; path = "SWRevealViewController-master/SWRevealViewController/SWRevealViewController.h"; sourceTree = SOURCE_ROOT; };
		910BD7EE1B9ACCDA003BB10E /* SWRevealViewController.m */ = {isa = PBXFileReference; fileEncoding = 4; lastKnownFileType = sourcecode.c.objc; name = SWRevealViewController.m; path = "SWRevealViewController-master/SWRevealViewController/SWRevealViewController.m"; sourceTree = SOURCE_ROOT; };
		910BD7F11B9ADCC0003BB10E /* NewsTableViewCell.swift */ = {isa = PBXFileReference; fileEncoding = 4; lastKnownFileType = sourcecode.swift; path = NewsTableViewCell.swift; sourceTree = "<group>"; };
		910BD7F21B9ADCC0003BB10E /* NewsTableViewController.swift */ = {isa = PBXFileReference; fileEncoding = 4; lastKnownFileType = sourcecode.swift; path = NewsTableViewController.swift; sourceTree = "<group>"; };
		910BD7F31B9ADCC0003BB10E /* PhotoViewController.swift */ = {isa = PBXFileReference; fileEncoding = 4; lastKnownFileType = sourcecode.swift; path = PhotoViewController.swift; sourceTree = "<group>"; };
		910BD7FA1B9F50E3003BB10E /* BrowseCollectionViewController.swift */ = {isa = PBXFileReference; fileEncoding = 4; lastKnownFileType = sourcecode.swift; path = BrowseCollectionViewController.swift; sourceTree = "<group>"; };
		9129D5981B9F7BD00088F743 /* JudgeViewController.swift */ = {isa = PBXFileReference; fileEncoding = 4; lastKnownFileType = sourcecode.swift; path = JudgeViewController.swift; sourceTree = "<group>"; };
		9129D59A1B9FDD420088F743 /* Images.xcassets */ = {isa = PBXFileReference; lastKnownFileType = folder.assetcatalog; path = Images.xcassets; sourceTree = "<group>"; };
		9129D59E1BA065DB0088F743 /* NavigationViewController.swift */ = {isa = PBXFileReference; fileEncoding = 4; lastKnownFileType = sourcecode.swift; name = NavigationViewController.swift; path = TradeShow.xcodeproj/../NavigationViewController.swift; sourceTree = SOURCE_ROOT; };
		9129D5A01BA073D90088F743 /* SettingViewController.swift */ = {isa = PBXFileReference; fileEncoding = 4; lastKnownFileType = sourcecode.swift; name = SettingViewController.swift; path = TradeShow.xcodeproj/../SettingViewController.swift; sourceTree = SOURCE_ROOT; };
		9129D5A21BA09AD20088F743 /* CollectionViewController.swift */ = {isa = PBXFileReference; fileEncoding = 4; lastKnownFileType = sourcecode.swift; path = CollectionViewController.swift; sourceTree = "<group>"; };
		9129D5A61BA7243D0088F743 /* collectionVCell.swift */ = {isa = PBXFileReference; fileEncoding = 4; lastKnownFileType = sourcecode.swift; path = collectionVCell.swift; sourceTree = "<group>"; };
		9129D5AC1BA862490088F743 /* MapViewController.swift */ = {isa = PBXFileReference; fileEncoding = 4; lastKnownFileType = sourcecode.swift; name = MapViewController.swift; path = ../MapViewController.swift; sourceTree = "<group>"; };
		9129D5AE1BA8734D0088F743 /* Beacon.swift */ = {isa = PBXFileReference; fileEncoding = 4; lastKnownFileType = sourcecode.swift; path = Beacon.swift; sourceTree = "<group>"; };
		9129D5C01BA9BEAA0088F743 /* LoginViewController.swift */ = {isa = PBXFileReference; fileEncoding = 4; lastKnownFileType = sourcecode.swift; path = LoginViewController.swift; sourceTree = "<group>"; };
		9129D5C31BA9CAB80088F743 /* Base */ = {isa = PBXFileReference; lastKnownFileType = file.storyboard; name = Base; path = Base.lproj/Main.storyboard; sourceTree = "<group>"; };
		C8ACDC172103D595A37F6F50 /* Pods.debug.xcconfig */ = {isa = PBXFileReference; includeInIndex = 1; lastKnownFileType = text.xcconfig; name = Pods.debug.xcconfig; path = "Pods/Target Support Files/Pods/Pods.debug.xcconfig"; sourceTree = "<group>"; };
		D0D5715C483243DC4D311829 /* Pods.release.xcconfig */ = {isa = PBXFileReference; includeInIndex = 1; lastKnownFileType = text.xcconfig; name = Pods.release.xcconfig; path = "Pods/Target Support Files/Pods/Pods.release.xcconfig"; sourceTree = "<group>"; };
/* End PBXFileReference section */

/* Begin PBXFrameworksBuildPhase section */
		910BD7B21B9A045A003BB10E /* Frameworks */ = {
			isa = PBXFrameworksBuildPhase;
			buildActionMask = 2147483647;
			files = (
				6850B2961BCA48D3008BF275 /* SystemConfiguration.framework in Frameworks */,
				6850B2941BCA48C6008BF275 /* QuartzCore.framework in Frameworks */,
				6850B2921BCA48B8008BF275 /* OpenGLES.framework in Frameworks */,
				6850B2901BCA48A9008BF275 /* libz.dylib in Frameworks */,
				6850B28E1BCA489B008BF275 /* libicucore.dylib in Frameworks */,
				6850B28C1BCA488C008BF275 /* libc++.dylib in Frameworks */,
				6850B28A1BCA487D008BF275 /* ImageIO.framework in Frameworks */,
				6850B2881BCA486E008BF275 /* GLKit.framework in Frameworks */,
				6850B2861BCA485F008BF275 /* CoreText.framework in Frameworks */,
				6850B2841BCA484F008BF275 /* CoreLocation.framework in Frameworks */,
				6850B2821BCA4840008BF275 /* CoreData.framework in Frameworks */,
				6850B2801BCA482A008BF275 /* AVFoundation.framework in Frameworks */,
				6850B27A1BCA447B008BF275 /* GoogleMaps.framework in Frameworks */,
				910BD7E71B9A0709003BB10E /* MapKit.framework in Frameworks */,
				EE5C9454205119AB7EE0D239 /* libPods.a in Frameworks */,
			);
			runOnlyForDeploymentPostprocessing = 0;
		};
		910BD7C71B9A045A003BB10E /* Frameworks */ = {
			isa = PBXFrameworksBuildPhase;
			buildActionMask = 2147483647;
			files = (
			);
			runOnlyForDeploymentPostprocessing = 0;
		};
/* End PBXFrameworksBuildPhase section */

/* Begin PBXGroup section */
		070E9D26AA2C1681637AF3DB /* Pods */ = {
			isa = PBXGroup;
			children = (
				C8ACDC172103D595A37F6F50 /* Pods.debug.xcconfig */,
				D0D5715C483243DC4D311829 /* Pods.release.xcconfig */,
			);
			name = Pods;
			sourceTree = "<group>";
		};
		21B7C3FA7A128BB08581331F /* Frameworks */ = {
			isa = PBXGroup;
			children = (
				6850B2951BCA48D3008BF275 /* SystemConfiguration.framework */,
				6850B2931BCA48C6008BF275 /* QuartzCore.framework */,
				6850B2911BCA48B8008BF275 /* OpenGLES.framework */,
				6850B28F1BCA48A9008BF275 /* libz.dylib */,
				6850B28D1BCA489B008BF275 /* libicucore.dylib */,
				6850B28B1BCA488C008BF275 /* libc++.dylib */,
				6850B2891BCA487D008BF275 /* ImageIO.framework */,
				6850B2871BCA486E008BF275 /* GLKit.framework */,
				6850B2851BCA485F008BF275 /* CoreText.framework */,
				6850B2831BCA484F008BF275 /* CoreLocation.framework */,
				6850B2811BCA4840008BF275 /* CoreData.framework */,
				6850B27F1BCA482A008BF275 /* AVFoundation.framework */,
				46AA5D9DC749DBD1F8D9EA25 /* libPods.a */,
			);
			name = Frameworks;
			sourceTree = "<group>";
		};
		910BD7AC1B9A0459003BB10E = {
			isa = PBXGroup;
			children = (
				6850B27B1BCA44CD008BF275 /* GoogleMaps.bundle */,
				6850B2791BCA447B008BF275 /* GoogleMaps.framework */,
				910BD7E61B9A0709003BB10E /* MapKit.framework */,
				910BD7B71B9A045A003BB10E /* TradeShow */,
				910BD7CD1B9A045A003BB10E /* TradeShowTests */,
				910BD7B61B9A045A003BB10E /* Products */,
				070E9D26AA2C1681637AF3DB /* Pods */,
				21B7C3FA7A128BB08581331F /* Frameworks */,
			);
			sourceTree = "<group>";
		};
		910BD7B61B9A045A003BB10E /* Products */ = {
			isa = PBXGroup;
			children = (
				910BD7B51B9A045A003BB10E /* TradeShow.app */,
				910BD7CA1B9A045A003BB10E /* TradeShowTests.xctest */,
			);
			name = Products;
			sourceTree = "<group>";
		};
		910BD7B71B9A045A003BB10E /* TradeShow */ = {
			isa = PBXGroup;
			children = (
				68BAAC9C1BCA3AD400BDE5B2 /* Podfile */,
				9129D59A1B9FDD420088F743 /* Images.xcassets */,
				910BD7E81B9A0714003BB10E /* SWRevealViewController */,
				9129D5AE1BA8734D0088F743 /* Beacon.swift */,
				9129D5C21BA9CAB80088F743 /* Main.storyboard */,
				910BD7C31B9A045A003BB10E /* LaunchScreen.xib */,
				910BD7DC1B9A0623003BB10E /* MenuController.swift */,
				910BD7FA1B9F50E3003BB10E /* BrowseCollectionViewController.swift */,
				9129D5A61BA7243D0088F743 /* collectionVCell.swift */,
				9129D5AC1BA862490088F743 /* MapViewController.swift */,
				910BD7F21B9ADCC0003BB10E /* NewsTableViewController.swift */,
				910BD7F11B9ADCC0003BB10E /* NewsTableViewCell.swift */,
				9129D5A01BA073D90088F743 /* SettingViewController.swift */,
				9129D5981B9F7BD00088F743 /* JudgeViewController.swift */,
				9129D5C01BA9BEAA0088F743 /* LoginViewController.swift */,
				910BD7F31B9ADCC0003BB10E /* PhotoViewController.swift */,
				9129D59E1BA065DB0088F743 /* NavigationViewController.swift */,
				9129D5A21BA09AD20088F743 /* CollectionViewController.swift */,
				910BD7BA1B9A045A003BB10E /* AppDelegate.swift */,
				910BD7BC1B9A045A003BB10E /* ViewController.swift */,
				910BD7B81B9A045A003BB10E /* Supporting Files */,
			);
			path = TradeShow;
			sourceTree = "<group>";
		};
		910BD7B81B9A045A003BB10E /* Supporting Files */ = {
			isa = PBXGroup;
			children = (
				910BD7B91B9A045A003BB10E /* Info.plist */,
			);
			name = "Supporting Files";
			sourceTree = "<group>";
		};
		910BD7CD1B9A045A003BB10E /* TradeShowTests */ = {
			isa = PBXGroup;
			children = (
				910BD7D01B9A045A003BB10E /* TradeShowTests.swift */,
				910BD7CE1B9A045A003BB10E /* Supporting Files */,
			);
			path = TradeShowTests;
			sourceTree = "<group>";
		};
		910BD7CE1B9A045A003BB10E /* Supporting Files */ = {
			isa = PBXGroup;
			children = (
				910BD7CF1B9A045A003BB10E /* Info.plist */,
			);
			name = "Supporting Files";
			sourceTree = "<group>";
		};
		910BD7E81B9A0714003BB10E /* SWRevealViewController */ = {
			isa = PBXGroup;
			children = (
				910BD7ED1B9ACCDA003BB10E /* SWRevealViewController.h */,
				910BD7EE1B9ACCDA003BB10E /* SWRevealViewController.m */,
				910BD7E91B9A0741003BB10E /* TradeShow-Bridging-Header.h */,
			);
			name = SWRevealViewController;
			sourceTree = "<group>";
		};
/* End PBXGroup section */

/* Begin PBXNativeTarget section */
		910BD7B41B9A045A003BB10E /* TradeShow */ = {
			isa = PBXNativeTarget;
			buildConfigurationList = 910BD7D41B9A045A003BB10E /* Build configuration list for PBXNativeTarget "TradeShow" */;
			buildPhases = (
				E907F5FC919D654728D4B5E5 /* Check Pods Manifest.lock */,
				910BD7B11B9A045A003BB10E /* Sources */,
				910BD7B21B9A045A003BB10E /* Frameworks */,
				910BD7B31B9A045A003BB10E /* Resources */,
				4B81C846892DCB4BF5A782C9 /* Embed Pods Frameworks */,
				677D82677B3FF0B30863089A /* Copy Pods Resources */,
			);
			buildRules = (
			);
			dependencies = (
			);
			name = TradeShow;
			productName = TradeShow;
			productReference = 910BD7B51B9A045A003BB10E /* TradeShow.app */;
			productType = "com.apple.product-type.application";
		};
		910BD7C91B9A045A003BB10E /* TradeShowTests */ = {
			isa = PBXNativeTarget;
			buildConfigurationList = 910BD7D71B9A045A003BB10E /* Build configuration list for PBXNativeTarget "TradeShowTests" */;
			buildPhases = (
				910BD7C61B9A045A003BB10E /* Sources */,
				910BD7C71B9A045A003BB10E /* Frameworks */,
				910BD7C81B9A045A003BB10E /* Resources */,
			);
			buildRules = (
			);
			dependencies = (
				910BD7CC1B9A045A003BB10E /* PBXTargetDependency */,
			);
			name = TradeShowTests;
			productName = TradeShowTests;
			productReference = 910BD7CA1B9A045A003BB10E /* TradeShowTests.xctest */;
			productType = "com.apple.product-type.bundle.unit-test";
		};
/* End PBXNativeTarget section */

/* Begin PBXProject section */
		910BD7AD1B9A0459003BB10E /* Project object */ = {
			isa = PBXProject;
			attributes = {
				LastUpgradeCheck = 0640;
				ORGANIZATIONNAME = "University of Wollongong";
				TargetAttributes = {
					910BD7B41B9A045A003BB10E = {
						CreatedOnToolsVersion = 6.4;
					};
					910BD7C91B9A045A003BB10E = {
						CreatedOnToolsVersion = 6.4;
						TestTargetID = 910BD7B41B9A045A003BB10E;
					};
				};
			};
			buildConfigurationList = 910BD7B01B9A0459003BB10E /* Build configuration list for PBXProject "TradeShow" */;
			compatibilityVersion = "Xcode 3.2";
			developmentRegion = English;
			hasScannedForEncodings = 0;
			knownRegions = (
				en,
				Base,
			);
			mainGroup = 910BD7AC1B9A0459003BB10E;
			productRefGroup = 910BD7B61B9A045A003BB10E /* Products */;
			projectDirPath = "";
			projectRoot = "";
			targets = (
				910BD7B41B9A045A003BB10E /* TradeShow */,
				910BD7C91B9A045A003BB10E /* TradeShowTests */,
			);
		};
/* End PBXProject section */

/* Begin PBXResourcesBuildPhase section */
		910BD7B31B9A045A003BB10E /* Resources */ = {
			isa = PBXResourcesBuildPhase;
			buildActionMask = 2147483647;
			files = (
				9129D5C41BA9CAB80088F743 /* Main.storyboard in Resources */,
				9129D59B1B9FDD420088F743 /* Images.xcassets in Resources */,
				68BAAC9D1BCA3AD400BDE5B2 /* Podfile in Resources */,
				910BD7C51B9A045A003BB10E /* LaunchScreen.xib in Resources */,
				6850B27C1BCA44CD008BF275 /* GoogleMaps.bundle in Resources */,
			);
			runOnlyForDeploymentPostprocessing = 0;
		};
		910BD7C81B9A045A003BB10E /* Resources */ = {
			isa = PBXResourcesBuildPhase;
			buildActionMask = 2147483647;
			files = (
			);
			runOnlyForDeploymentPostprocessing = 0;
		};
/* End PBXResourcesBuildPhase section */

/* Begin PBXShellScriptBuildPhase section */
		4B81C846892DCB4BF5A782C9 /* Embed Pods Frameworks */ = {
			isa = PBXShellScriptBuildPhase;
			buildActionMask = 2147483647;
			files = (
			);
			inputPaths = (
			);
			name = "Embed Pods Frameworks";
			outputPaths = (
			);
			runOnlyForDeploymentPostprocessing = 0;
			shellPath = /bin/sh;
			shellScript = "\"${SRCROOT}/Pods/Target Support Files/Pods/Pods-frameworks.sh\"\n";
			showEnvVarsInLog = 0;
		};
		677D82677B3FF0B30863089A /* Copy Pods Resources */ = {
			isa = PBXShellScriptBuildPhase;
			buildActionMask = 2147483647;
			files = (
			);
			inputPaths = (
			);
			name = "Copy Pods Resources";
			outputPaths = (
			);
			runOnlyForDeploymentPostprocessing = 0;
			shellPath = /bin/sh;
			shellScript = "\"${SRCROOT}/Pods/Target Support Files/Pods/Pods-resources.sh\"\n";
			showEnvVarsInLog = 0;
		};
		E907F5FC919D654728D4B5E5 /* Check Pods Manifest.lock */ = {
			isa = PBXShellScriptBuildPhase;
			buildActionMask = 2147483647;
			files = (
			);
			inputPaths = (
			);
			name = "Check Pods Manifest.lock";
			outputPaths = (
			);
			runOnlyForDeploymentPostprocessing = 0;
			shellPath = /bin/sh;
			shellScript = "diff \"${PODS_ROOT}/../Podfile.lock\" \"${PODS_ROOT}/Manifest.lock\" > /dev/null\nif [[ $? != 0 ]] ; then\n    cat << EOM\nerror: The sandbox is not in sync with the Podfile.lock. Run 'pod install' or update your CocoaPods installation.\nEOM\n    exit 1\nfi\n";
			showEnvVarsInLog = 0;
		};
/* End PBXShellScriptBuildPhase section */

/* Begin PBXSourcesBuildPhase section */
		910BD7B11B9A045A003BB10E /* Sources */ = {
			isa = PBXSourcesBuildPhase;
			buildActionMask = 2147483647;
			files = (
				9129D5A31BA09AD20088F743 /* CollectionViewController.swift in Sources */,
				910BD7BD1B9A045A003BB10E /* ViewController.swift in Sources */,
				9129D5AF1BA8734D0088F743 /* Beacon.swift in Sources */,
				9129D5A11BA073D90088F743 /* SettingViewController.swift in Sources */,
				9129D59F1BA065DB0088F743 /* NavigationViewController.swift in Sources */,
				910BD7F51B9ADCC0003BB10E /* NewsTableViewCell.swift in Sources */,
				910BD7FB1B9F50E3003BB10E /* BrowseCollectionViewController.swift in Sources */,
				910BD7EF1B9ACCDA003BB10E /* SWRevealViewController.m in Sources */,
				910BD7F61B9ADCC0003BB10E /* NewsTableViewController.swift in Sources */,
				910BD7F71B9ADCC0003BB10E /* PhotoViewController.swift in Sources */,
				910BD7DD1B9A0623003BB10E /* MenuController.swift in Sources */,
				9129D5A71BA7243D0088F743 /* collectionVCell.swift in Sources */,
				9129D5C11BA9BEAA0088F743 /* LoginViewController.swift in Sources */,
				9129D5991B9F7BD00088F743 /* JudgeViewController.swift in Sources */,
				910BD7BB1B9A045A003BB10E /* AppDelegate.swift in Sources */,
				9129D5AD1BA862490088F743 /* MapViewController.swift in Sources */,
			);
			runOnlyForDeploymentPostprocessing = 0;
		};
		910BD7C61B9A045A003BB10E /* Sources */ = {
			isa = PBXSourcesBuildPhase;
			buildActionMask = 2147483647;
			files = (
				910BD7D11B9A045A003BB10E /* TradeShowTests.swift in Sources */,
			);
			runOnlyForDeploymentPostprocessing = 0;
		};
/* End PBXSourcesBuildPhase section */

/* Begin PBXTargetDependency section */
		910BD7CC1B9A045A003BB10E /* PBXTargetDependency */ = {
			isa = PBXTargetDependency;
			target = 910BD7B41B9A045A003BB10E /* TradeShow */;
			targetProxy = 910BD7CB1B9A045A003BB10E /* PBXContainerItemProxy */;
		};
/* End PBXTargetDependency section */

/* Begin PBXVariantGroup section */
		910BD7C31B9A045A003BB10E /* LaunchScreen.xib */ = {
			isa = PBXVariantGroup;
			children = (
				910BD7C41B9A045A003BB10E /* Base */,
			);
			name = LaunchScreen.xib;
			sourceTree = "<group>";
		};
		9129D5C21BA9CAB80088F743 /* Main.storyboard */ = {
			isa = PBXVariantGroup;
			children = (
				9129D5C31BA9CAB80088F743 /* Base */,
			);
			name = Main.storyboard;
			sourceTree = "<group>";
		};
/* End PBXVariantGroup section */

/* Begin XCBuildConfiguration section */
		910BD7D21B9A045A003BB10E /* Debug */ = {
			isa = XCBuildConfiguration;
			buildSettings = {
				ALWAYS_SEARCH_USER_PATHS = NO;
				CLANG_CXX_LANGUAGE_STANDARD = "gnu++0x";
				CLANG_CXX_LIBRARY = "libc++";
				CLANG_ENABLE_MODULES = YES;
				CLANG_ENABLE_OBJC_ARC = YES;
				CLANG_WARN_BOOL_CONVERSION = YES;
				CLANG_WARN_CONSTANT_CONVERSION = YES;
				CLANG_WARN_DIRECT_OBJC_ISA_USAGE = YES_ERROR;
				CLANG_WARN_EMPTY_BODY = YES;
				CLANG_WARN_ENUM_CONVERSION = YES;
				CLANG_WARN_INT_CONVERSION = YES;
				CLANG_WARN_OBJC_ROOT_CLASS = YES_ERROR;
				CLANG_WARN_UNREACHABLE_CODE = YES;
				CLANG_WARN__DUPLICATE_METHOD_MATCH = YES;
				"CODE_SIGN_IDENTITY[sdk=iphoneos*]" = "iPhone Developer";
				COPY_PHASE_STRIP = NO;
				DEBUG_INFORMATION_FORMAT = "dwarf-with-dsym";
				ENABLE_STRICT_OBJC_MSGSEND = YES;
				GCC_C_LANGUAGE_STANDARD = gnu99;
				GCC_DYNAMIC_NO_PIC = NO;
				GCC_NO_COMMON_BLOCKS = YES;
				GCC_OPTIMIZATION_LEVEL = 0;
				GCC_PREPROCESSOR_DEFINITIONS = (
					"DEBUG=1",
					"$(inherited)",
				);
				GCC_SYMBOLS_PRIVATE_EXTERN = NO;
				GCC_WARN_64_TO_32_BIT_CONVERSION = YES;
				GCC_WARN_ABOUT_RETURN_TYPE = YES_ERROR;
				GCC_WARN_UNDECLARED_SELECTOR = YES;
				GCC_WARN_UNINITIALIZED_AUTOS = YES_AGGRESSIVE;
				GCC_WARN_UNUSED_FUNCTION = YES;
				GCC_WARN_UNUSED_VARIABLE = YES;
				IPHONEOS_DEPLOYMENT_TARGET = 8.4;
				MTL_ENABLE_DEBUG_INFO = YES;
				ONLY_ACTIVE_ARCH = YES;
				SDKROOT = iphoneos;
				SWIFT_OPTIMIZATION_LEVEL = "-Onone";
				TARGETED_DEVICE_FAMILY = "1,2";
			};
			name = Debug;
		};
		910BD7D31B9A045A003BB10E /* Release */ = {
			isa = XCBuildConfiguration;
			buildSettings = {
				ALWAYS_SEARCH_USER_PATHS = NO;
				CLANG_CXX_LANGUAGE_STANDARD = "gnu++0x";
				CLANG_CXX_LIBRARY = "libc++";
				CLANG_ENABLE_MODULES = YES;
				CLANG_ENABLE_OBJC_ARC = YES;
				CLANG_WARN_BOOL_CONVERSION = YES;
				CLANG_WARN_CONSTANT_CONVERSION = YES;
				CLANG_WARN_DIRECT_OBJC_ISA_USAGE = YES_ERROR;
				CLANG_WARN_EMPTY_BODY = YES;
				CLANG_WARN_ENUM_CONVERSION = YES;
				CLANG_WARN_INT_CONVERSION = YES;
				CLANG_WARN_OBJC_ROOT_CLASS = YES_ERROR;
				CLANG_WARN_UNREACHABLE_CODE = YES;
				CLANG_WARN__DUPLICATE_METHOD_MATCH = YES;
				"CODE_SIGN_IDENTITY[sdk=iphoneos*]" = "iPhone Developer";
				COPY_PHASE_STRIP = NO;
				DEBUG_INFORMATION_FORMAT = "dwarf-with-dsym";
				ENABLE_NS_ASSERTIONS = NO;
				ENABLE_STRICT_OBJC_MSGSEND = YES;
				GCC_C_LANGUAGE_STANDARD = gnu99;
				GCC_NO_COMMON_BLOCKS = YES;
				GCC_WARN_64_TO_32_BIT_CONVERSION = YES;
				GCC_WARN_ABOUT_RETURN_TYPE = YES_ERROR;
				GCC_WARN_UNDECLARED_SELECTOR = YES;
				GCC_WARN_UNINITIALIZED_AUTOS = YES_AGGRESSIVE;
				GCC_WARN_UNUSED_FUNCTION = YES;
				GCC_WARN_UNUSED_VARIABLE = YES;
				IPHONEOS_DEPLOYMENT_TARGET = 8.4;
				MTL_ENABLE_DEBUG_INFO = NO;
				SDKROOT = iphoneos;
				TARGETED_DEVICE_FAMILY = "1,2";
				VALIDATE_PRODUCT = YES;
			};
			name = Release;
		};
		910BD7D51B9A045A003BB10E /* Debug */ = {
			isa = XCBuildConfiguration;
			baseConfigurationReference = C8ACDC172103D595A37F6F50 /* Pods.debug.xcconfig */;
			buildSettings = {
				ASSETCATALOG_COMPILER_APPICON_NAME = AppIcon;
				CLANG_ENABLE_MODULES = YES;
				FRAMEWORK_SEARCH_PATHS = (
					"$(inherited)",
					"$(PROJECT_DIR)/Pods/GoogleMaps/Frameworks",
				);
				INFOPLIST_FILE = TradeShow/Info.plist;
				LD_RUNPATH_SEARCH_PATHS = "$(inherited) @executable_path/Frameworks";
				PRODUCT_NAME = "$(TARGET_NAME)";
				SWIFT_OBJC_BRIDGING_HEADER = "TradeShow/TradeShow-Bridging-Header.h";
				SWIFT_OPTIMIZATION_LEVEL = "-Onone";
			};
			name = Debug;
		};
		910BD7D61B9A045A003BB10E /* Release */ = {
			isa = XCBuildConfiguration;
			baseConfigurationReference = D0D5715C483243DC4D311829 /* Pods.release.xcconfig */;
			buildSettings = {
				ASSETCATALOG_COMPILER_APPICON_NAME = AppIcon;
				CLANG_ENABLE_MODULES = YES;
				FRAMEWORK_SEARCH_PATHS = (
					"$(inherited)",
					"$(PROJECT_DIR)/Pods/GoogleMaps/Frameworks",
				);
				INFOPLIST_FILE = TradeShow/Info.plist;
				LD_RUNPATH_SEARCH_PATHS = "$(inherited) @executable_path/Frameworks";
				PRODUCT_NAME = "$(TARGET_NAME)";
				SWIFT_OBJC_BRIDGING_HEADER = "TradeShow/TradeShow-Bridging-Header.h";
			};
			name = Release;
		};
		910BD7D81B9A045A003BB10E /* Debug */ = {
			isa = XCBuildConfiguration;
			buildSettings = {
				BUNDLE_LOADER = "$(TEST_HOST)";
				FRAMEWORK_SEARCH_PATHS = (
					"$(SDKROOT)/Developer/Library/Frameworks",
					"$(inherited)",
				);
				GCC_PREPROCESSOR_DEFINITIONS = (
					"DEBUG=1",
					"$(inherited)",
				);
				INFOPLIST_FILE = TradeShowTests/Info.plist;
				LD_RUNPATH_SEARCH_PATHS = "$(inherited) @executable_path/Frameworks @loader_path/Frameworks";
				PRODUCT_NAME = "$(TARGET_NAME)";
				TEST_HOST = "$(BUILT_PRODUCTS_DIR)/TradeShow.app/TradeShow";
			};
			name = Debug;
		};
		910BD7D91B9A045A003BB10E /* Release */ = {
			isa = XCBuildConfiguration;
			buildSettings = {
				BUNDLE_LOADER = "$(TEST_HOST)";
				FRAMEWORK_SEARCH_PATHS = (
					"$(SDKROOT)/Developer/Library/Frameworks",
					"$(inherited)",
				);
				INFOPLIST_FILE = TradeShowTests/Info.plist;
				LD_RUNPATH_SEARCH_PATHS = "$(inherited) @executable_path/Frameworks @loader_path/Frameworks";
				PRODUCT_NAME = "$(TARGET_NAME)";
				TEST_HOST = "$(BUILT_PRODUCTS_DIR)/TradeShow.app/TradeShow";
			};
			name = Release;
		};
/* End XCBuildConfiguration section */

/* Begin XCConfigurationList section */
		910BD7B01B9A0459003BB10E /* Build configuration list for PBXProject "TradeShow" */ = {
			isa = XCConfigurationList;
			buildConfigurations = (
				910BD7D21B9A045A003BB10E /* Debug */,
				910BD7D31B9A045A003BB10E /* Release */,
			);
			defaultConfigurationIsVisible = 0;
			defaultConfigurationName = Release;
		};
		910BD7D41B9A045A003BB10E /* Build configuration list for PBXNativeTarget "TradeShow" */ = {
			isa = XCConfigurationList;
			buildConfigurations = (
				910BD7D51B9A045A003BB10E /* Debug */,
				910BD7D61B9A045A003BB10E /* Release */,
			);
			defaultConfigurationIsVisible = 0;
			defaultConfigurationName = Release;
		};
		910BD7D71B9A045A003BB10E /* Build configuration list for PBXNativeTarget "TradeShowTests" */ = {
			isa = XCConfigurationList;
			buildConfigurations = (
				910BD7D81B9A045A003BB10E /* Debug */,
				910BD7D91B9A045A003BB10E /* Release */,
			);
			defaultConfigurationIsVisible = 0;
			defaultConfigurationName = Release;
		};
/* End XCConfigurationList section */
	};
	rootObject = 910BD7AD1B9A0459003BB10E /* Project object */;
}
